
Microsoft Visual Studio Solution File, Format Version 12.00
# Visual Studio Version 17
VisualStudioVersion = 17.3.32929.385
MinimumVisualStudioVersion = 10.0.40219.1
Project("{FAE04EC0-301F-11D3-BF4B-00C04F79EFBC}") = "S7ProSim_Lamp", "S7ProSim_Lamp\S7ProSim_Lamp.csproj", "{BFF6F389-8ABB-4334-BB01-68739B060DE9}"
EndProject
Global
	GlobalSection(SolutionConfigurationPlatforms) = preSolution
		Debug|Any CPU = Debug|Any CPU
		Release|Any CPU = Release|Any CPU
	EndGlobalSection
	GlobalSection(ProjectConfigurationPlatforms) = postSolution
		{BFF6F389-8ABB-4334-BB01-68739B060DE9}.Debug|Any CPU.ActiveCfg = Debug|Any CPU
		{BFF6F389-8ABB-4334-BB01-68739B060DE9}.Debug|Any CPU.Build.0 = Debug|Any CPU
		{BFF6F389-8ABB-4334-BB01-68739B060DE9}.Release|Any CPU.ActiveCfg = Release|Any CPU
		{BFF6F389-8ABB-4334-BB01-68739B060DE9}.Release|Any CPU.Build.0 = Release|Any CPU
	EndGlobalSection
	GlobalSection(SolutionProperties) = preSolution
		HideSolutionNode = FALSE
	EndGlobalSection
	GlobalSection(ExtensibilityGlobals) = postSolution
		SolutionGuid = {367C89BE-DDD8-44A8-BDF1-794CEACAC771}
	EndGlobalSection
EndGlobal
